
Microsoft Visual Studio Solution File, Format Version 12.00
# Visual Studio 15
VisualStudioVersion = 15.0.28010.2046
MinimumVisualStudioVersion = 10.0.40219.1
Project("{FAE04EC0-301F-11D3-BF4B-00C04F79EFBC}") = "JumpCityMoneyCalculator", "JumpCityMoneyCalculator.csproj", "{A47E9850-819F-4AD9-BC11-EF855DB4EDD4}"
EndProject
Project("{FAE04EC0-301F-11D3-BF4B-00C04F79EFBC}") = "MoneyCalculatorTests", "..\MoneyCalculatorTests\MoneyCalculatorTests.csproj", "{A13B192C-6DC0-4ADF-A2F9-46F120B84098}"
EndProject
Project("{FAE04EC0-301F-11D3-BF4B-00C04F79EFBC}") = "RegisterDropCalculator", "..\RegisterDropCalculator\RegisterDropCalculator.csproj", "{98B9A6C5-DF16-4EE9-8673-C3DA04239B4C}"
EndProject
Global
	GlobalSection(SolutionConfigurationPlatforms) = preSolution
		Debug|Any CPU = Debug|Any CPU
		Release|Any CPU = Release|Any CPU
	EndGlobalSection
	GlobalSection(ProjectConfigurationPlatforms) = postSolution
		{A47E9850-819F-4AD9-BC11-EF855DB4EDD4}.Debug|Any CPU.ActiveCfg = Debug|Any CPU
		{A47E9850-819F-4AD9-BC11-EF855DB4EDD4}.Debug|Any CPU.Build.0 = Debug|Any CPU
		{A47E9850-819F-4AD9-BC11-EF855DB4EDD4}.Release|Any CPU.ActiveCfg = Release|Any CPU
		{A47E9850-819F-4AD9-BC11-EF855DB4EDD4}.Release|Any CPU.Build.0 = Release|Any CPU
		{A13B192C-6DC0-4ADF-A2F9-46F120B84098}.Debug|Any CPU.ActiveCfg = Debug|Any CPU
		{A13B192C-6DC0-4ADF-A2F9-46F120B84098}.Debug|Any CPU.Build.0 = Debug|Any CPU
		{A13B192C-6DC0-4ADF-A2F9-46F120B84098}.Release|Any CPU.ActiveCfg = Release|Any CPU
		{A13B192C-6DC0-4ADF-A2F9-46F120B84098}.Release|Any CPU.Build.0 = Release|Any CPU
		{98B9A6C5-DF16-4EE9-8673-C3DA04239B4C}.Debug|Any CPU.ActiveCfg = Debug|Any CPU
		{98B9A6C5-DF16-4EE9-8673-C3DA04239B4C}.Debug|Any CPU.Build.0 = Debug|Any CPU
		{98B9A6C5-DF16-4EE9-8673-C3DA04239B4C}.Release|Any CPU.ActiveCfg = Release|Any CPU
		{98B9A6C5-DF16-4EE9-8673-C3DA04239B4C}.Release|Any CPU.Build.0 = Release|Any CPU
	EndGlobalSection
	GlobalSection(SolutionProperties) = preSolution
		HideSolutionNode = FALSE
	EndGlobalSection
	GlobalSection(ExtensibilityGlobals) = postSolution
		SolutionGuid = {9EAC1FB0-5F3F-4B45-BC9B-32C90C34A2F1}
	EndGlobalSection
EndGlobal
